// !$*UTF8*$!
{
	archiveVersion = 1;
	classes = {
	};
	objectVersion = 56;
	objects = {

/* Begin PBXBuildFile section */
		42862ADD28613C5F00F6EFD0 /* TestNearbyApp.swift in Sources */ = {isa = PBXBuildFile; fileRef = 42862ADC28613C5F00F6EFD0 /* TestNearbyApp.swift */; };
		42862ADF28613C5F00F6EFD0 /* ContentView.swift in Sources */ = {isa = PBXBuildFile; fileRef = 42862ADE28613C5F00F6EFD0 /* ContentView.swift */; };
		42862AE128613C6000F6EFD0 /* Assets.xcassets in Resources */ = {isa = PBXBuildFile; fileRef = 42862AE028613C6000F6EFD0 /* Assets.xcassets */; };
		42862AE428613C6000F6EFD0 /* Preview Assets.xcassets in Resources */ = {isa = PBXBuildFile; fileRef = 42862AE328613C6000F6EFD0 /* Preview Assets.xcassets */; };
		42862AEB28613C8C00F6EFD0 /* SessionManager.swift in Sources */ = {isa = PBXBuildFile; fileRef = 42862AEA28613C8C00F6EFD0 /* SessionManager.swift */; };
		42862AED28614D7200F6EFD0 /* MultipeerConnectivityManager.swift in Sources */ = {isa = PBXBuildFile; fileRef = 42862AEC28614D7200F6EFD0 /* MultipeerConnectivityManager.swift */; };
		42862AF02861717600F6EFD0 /* ViewNearbyViewModel.swift in Sources */ = {isa = PBXBuildFile; fileRef = 42862AEF2861717600F6EFD0 /* ViewNearbyViewModel.swift */; };
		42862AF2286173E000F6EFD0 /* InteractionDataProtocol.swift in Sources */ = {isa = PBXBuildFile; fileRef = 42862AF1286173E000F6EFD0 /* InteractionDataProtocol.swift */; };
/* End PBXBuildFile section */

/* Begin PBXFileReference section */
		42862AD928613C5F00F6EFD0 /* TestNearby.app */ = {isa = PBXFileReference; explicitFileType = wrapper.application; includeInIndex = 0; path = TestNearby.app; sourceTree = BUILT_PRODUCTS_DIR; };
		42862ADC28613C5F00F6EFD0 /* TestNearbyApp.swift */ = {isa = PBXFileReference; lastKnownFileType = sourcecode.swift; path = TestNearbyApp.swift; sourceTree = "<group>"; };
		42862ADE28613C5F00F6EFD0 /* ContentView.swift */ = {isa = PBXFileReference; lastKnownFileType = sourcecode.swift; path = ContentView.swift; sourceTree = "<group>"; };
		42862AE028613C6000F6EFD0 /* Assets.xcassets */ = {isa = PBXFileReference; lastKnownFileType = folder.assetcatalog; path = Assets.xcassets; sourceTree = "<group>"; };
		42862AE328613C6000F6EFD0 /* Preview Assets.xcassets */ = {isa = PBXFileReference; lastKnownFileType = folder.assetcatalog; path = "Preview Assets.xcassets"; sourceTree = "<group>"; };
		42862AEA28613C8C00F6EFD0 /* SessionManager.swift */ = {isa = PBXFileReference; lastKnownFileType = sourcecode.swift; path = SessionManager.swift; sourceTree = "<group>"; };
		42862AEC28614D7200F6EFD0 /* MultipeerConnectivityManager.swift */ = {isa = PBXFileReference; lastKnownFileType = sourcecode.swift; path = MultipeerConnectivityManager.swift; sourceTree = "<group>"; };
		42862AEE28616D9B00F6EFD0 /* Info.plist */ = {isa = PBXFileReference; lastKnownFileType = text.plist; path = Info.plist; sourceTree = "<group>"; };
		42862AEF2861717600F6EFD0 /* ViewNearbyViewModel.swift */ = {isa = PBXFileReference; lastKnownFileType = sourcecode.swift; path = ViewNearbyViewModel.swift; sourceTree = "<group>"; };
		42862AF1286173E000F6EFD0 /* InteractionDataProtocol.swift */ = {isa = PBXFileReference; lastKnownFileType = sourcecode.swift; path = InteractionDataProtocol.swift; sourceTree = "<group>"; };
/* End PBXFileReference section */

/* Begin PBXFrameworksBuildPhase section */
		42862AD628613C5F00F6EFD0 /* Frameworks */ = {
			isa = PBXFrameworksBuildPhase;
			buildActionMask = 2147483647;
			files = (
			);
			runOnlyForDeploymentPostprocessing = 0;
		};
/* End PBXFrameworksBuildPhase section */

/* Begin PBXGroup section */
		42862AD028613C5F00F6EFD0 = {
			isa = PBXGroup;
			children = (
				42862ADB28613C5F00F6EFD0 /* TestNearby */,
				42862ADA28613C5F00F6EFD0 /* Products */,
			);
			sourceTree = "<group>";
		};
		42862ADA28613C5F00F6EFD0 /* Products */ = {
			isa = PBXGroup;
			children = (
				42862AD928613C5F00F6EFD0 /* TestNearby.app */,
			);
			name = Products;
			sourceTree = "<group>";
		};
		42862ADB28613C5F00F6EFD0 /* TestNearby */ = {
			isa = PBXGroup;
			children = (
				42862AEE28616D9B00F6EFD0 /* Info.plist */,
				42862ADC28613C5F00F6EFD0 /* TestNearbyApp.swift */,
				42862ADE28613C5F00F6EFD0 /* ContentView.swift */,
				42862AE028613C6000F6EFD0 /* Assets.xcassets */,
				42862AE228613C6000F6EFD0 /* Preview Content */,
				42862AEA28613C8C00F6EFD0 /* SessionManager.swift */,
				42862AEC28614D7200F6EFD0 /* MultipeerConnectivityManager.swift */,
				42862AEF2861717600F6EFD0 /* ViewNearbyViewModel.swift */,
				42862AF1286173E000F6EFD0 /* InteractionDataProtocol.swift */,
			);
			path = TestNearby;
			sourceTree = "<group>";
		};
		42862AE228613C6000F6EFD0 /* Preview Content */ = {
			isa = PBXGroup;
			children = (
				42862AE328613C6000F6EFD0 /* Preview Assets.xcassets */,
			);
			path = "Preview Content";
			sourceTree = "<group>";
		};
/* End PBXGroup section */

/* Begin PBXNativeTarget section */
		42862AD828613C5F00F6EFD0 /* TestNearby */ = {
			isa = PBXNativeTarget;
			buildConfigurationList = 42862AE728613C6000F6EFD0 /* Build configuration list for PBXNativeTarget "TestNearby" */;
			buildPhases = (
				42862AD528613C5F00F6EFD0 /* Sources */,
				42862AD628613C5F00F6EFD0 /* Frameworks */,
				42862AD728613C5F00F6EFD0 /* Resources */,
			);
			buildRules = (
			);
			dependencies = (
			);
			name = TestNearby;
			productName = TestNearby;
			productReference = 42862AD928613C5F00F6EFD0 /* TestNearby.app */;
			productType = "com.apple.product-type.application";
		};
/* End PBXNativeTarget section */

/* Begin PBXProject section */
		42862AD128613C5F00F6EFD0 /* Project object */ = {
			isa = PBXProject;
			attributes = {
				BuildIndependentTargetsInParallel = 1;
				LastSwiftUpdateCheck = 1400;
				LastUpgradeCheck = 1400;
				TargetAttributes = {
					42862AD828613C5F00F6EFD0 = {
						CreatedOnToolsVersion = 14.0;
					};
				};
			};
			buildConfigurationList = 42862AD428613C5F00F6EFD0 /* Build configuration list for PBXProject "TestNearby" */;
			compatibilityVersion = "Xcode 14.0";
			developmentRegion = en;
			hasScannedForEncodings = 0;
			knownRegions = (
				en,
				Base,
			);
			mainGroup = 42862AD028613C5F00F6EFD0;
			productRefGroup = 42862ADA28613C5F00F6EFD0 /* Products */;
			projectDirPath = "";
			projectRoot = "";
			targets = (
				42862AD828613C5F00F6EFD0 /* TestNearby */,
			);
		};
/* End PBXProject section */

/* Begin PBXResourcesBuildPhase section */
		42862AD728613C5F00F6EFD0 /* Resources */ = {
			isa = PBXResourcesBuildPhase;
			buildActionMask = 2147483647;
			files = (
				42862AE428613C6000F6EFD0 /* Preview Assets.xcassets in Resources */,
				42862AE128613C6000F6EFD0 /* Assets.xcassets in Resources */,
			);
			runOnlyForDeploymentPostprocessing = 0;
		};
/* End PBXResourcesBuildPhase section */

/* Begin PBXSourcesBuildPhase section */
		42862AD528613C5F00F6EFD0 /* Sources */ = {
			isa = PBXSourcesBuildPhase;
			buildActionMask = 2147483647;
			files = (
				42862ADF28613C5F00F6EFD0 /* ContentView.swift in Sources */,
				42862ADD28613C5F00F6EFD0 /* TestNearbyApp.swift in Sources */,
				42862AED28614D7200F6EFD0 /* MultipeerConnectivityManager.swift in Sources */,
				42862AF02861717600F6EFD0 /* ViewNearbyViewModel.swift in Sources */,
				42862AF2286173E000F6EFD0 /* InteractionDataProtocol.swift in Sources */,
				42862AEB28613C8C00F6EFD0 /* SessionManager.swift in Sources */,
			);
			runOnlyForDeploymentPostprocessing = 0;
		};
/* End PBXSourcesBuildPhase section */

/* Begin XCBuildConfiguration section */
		42862AE528613C6000F6EFD0 /* Debug */ = {
			isa = XCBuildConfiguration;
			buildSettings = {
				ALWAYS_SEARCH_USER_PATHS = NO;
				CLANG_ANALYZER_NONNULL = YES;
				CLANG_ANALYZER_NUMBER_OBJECT_CONVERSION = YES_AGGRESSIVE;
				CLANG_CXX_LANGUAGE_STANDARD = "gnu++17";
				CLANG_ENABLE_MODULES = YES;
				CLANG_ENABLE_OBJC_ARC = YES;
				CLANG_ENABLE_OBJC_WEAK = YES;
				CLANG_WARN_BLOCK_CAPTURE_AUTORELEASING = YES;
				CLANG_WARN_BOOL_CONVERSION = YES;
				CLANG_WARN_COMMA = YES;
				CLANG_WARN_CONSTANT_CONVERSION = YES;
				CLANG_WARN_DEPRECATED_OBJC_IMPLEMENTATIONS = YES;
				CLANG_WARN_DIRECT_OBJC_ISA_USAGE = YES_ERROR;
				CLANG_WARN_DOCUMENTATION_COMMENTS = YES;
				CLANG_WARN_EMPTY_BODY = YES;
				CLANG_WARN_ENUM_CONVERSION = YES;
				CLANG_WARN_INFINITE_RECURSION = YES;
				CLANG_WARN_INT_CONVERSION = YES;
				CLANG_WARN_NON_LITERAL_NULL_CONVERSION = YES;
				CLANG_WARN_OBJC_IMPLICIT_RETAIN_SELF = YES;
				CLANG_WARN_OBJC_LITERAL_CONVERSION = YES;
				CLANG_WARN_OBJC_ROOT_CLASS = YES_ERROR;
				CLANG_WARN_QUOTED_INCLUDE_IN_FRAMEWORK_HEADER = YES;
				CLANG_WARN_RANGE_LOOP_ANALYSIS = YES;
				CLANG_WARN_STRICT_PROTOTYPES = YES;
				CLANG_WARN_SUSPICIOUS_MOVE = YES;
				CLANG_WARN_UNGUARDED_AVAILABILITY = YES_AGGRESSIVE;
				CLANG_WARN_UNREACHABLE_CODE = YES;
				CLANG_WARN__DUPLICATE_METHOD_MATCH = YES;
				COPY_PHASE_STRIP = NO;
				DEBUG_INFORMATION_FORMAT = dwarf;
				ENABLE_STRICT_OBJC_MSGSEND = YES;
				ENABLE_TESTABILITY = YES;
				GCC_C_LANGUAGE_STANDARD = gnu11;
				GCC_DYNAMIC_NO_PIC = NO;
				GCC_NO_COMMON_BLOCKS = YES;
				GCC_OPTIMIZATION_LEVEL = 0;
				GCC_PREPROCESSOR_DEFINITIONS = (
					"DEBUG=1",
					"$(inherited)",
				);
				GCC_WARN_64_TO_32_BIT_CONVERSION = YES;
				GCC_WARN_ABOUT_RETURN_TYPE = YES_ERROR;
				GCC_WARN_UNDECLARED_SELECTOR = YES;
				GCC_WARN_UNINITIALIZED_AUTOS = YES_AGGRESSIVE;
				GCC_WARN_UNUSED_FUNCTION = YES;
				GCC_WARN_UNUSED_VARIABLE = YES;
				IPHONEOS_DEPLOYMENT_TARGET = 16.0;
				MTL_ENABLE_DEBUG_INFO = INCLUDE_SOURCE;
				MTL_FAST_MATH = YES;
				ONLY_ACTIVE_ARCH = YES;
				SDKROOT = iphoneos;
				SWIFT_ACTIVE_COMPILATION_CONDITIONS = DEBUG;
				SWIFT_OPTIMIZATION_LEVEL = "-Onone";
			};
			name = Debug;
		};
		42862AE628613C6000F6EFD0 /* Release */ = {
			isa = XCBuildConfiguration;
			buildSettings = {
				ALWAYS_SEARCH_USER_PATHS = NO;
				CLANG_ANALYZER_NONNULL = YES;
				CLANG_ANALYZER_NUMBER_OBJECT_CONVERSION = YES_AGGRESSIVE;
				CLANG_CXX_LANGUAGE_STANDARD = "gnu++17";
				CLANG_ENABLE_MODULES = YES;
				CLANG_ENABLE_OBJC_ARC = YES;
				CLANG_ENABLE_OBJC_WEAK = YES;
				CLANG_WARN_BLOCK_CAPTURE_AUTORELEASING = YES;
				CLANG_WARN_BOOL_CONVERSION = YES;
				CLANG_WARN_COMMA = YES;
				CLANG_WARN_CONSTANT_CONVERSION = YES;
				CLANG_WARN_DEPRECATED_OBJC_IMPLEMENTATIONS = YES;
				CLANG_WARN_DIRECT_OBJC_ISA_USAGE = YES_ERROR;
				CLANG_WARN_DOCUMENTATION_COMMENTS = YES;
				CLANG_WARN_EMPTY_BODY = YES;
				CLANG_WARN_ENUM_CONVERSION = YES;
				CLANG_WARN_INFINITE_RECURSION = YES;
				CLANG_WARN_INT_CONVERSION = YES;
				CLANG_WARN_NON_LITERAL_NULL_CONVERSION = YES;
				CLANG_WARN_OBJC_IMPLICIT_RETAIN_SELF = YES;
				CLANG_WARN_OBJC_LITERAL_CONVERSION = YES;
				CLANG_WARN_OBJC_ROOT_CLASS = YES_ERROR;
				CLANG_WARN_QUOTED_INCLUDE_IN_FRAMEWORK_HEADER = YES;
				CLANG_WARN_RANGE_LOOP_ANALYSIS = YES;
				CLANG_WARN_STRICT_PROTOTYPES = YES;
				CLANG_WARN_SUSPICIOUS_MOVE = YES;
				CLANG_WARN_UNGUARDED_AVAILABILITY = YES_AGGRESSIVE;
				CLANG_WARN_UNREACHABLE_CODE = YES;
				CLANG_WARN__DUPLICATE_METHOD_MATCH = YES;
				COPY_PHASE_STRIP = NO;
				DEBUG_INFORMATION_FORMAT = "dwarf-with-dsym";
				ENABLE_NS_ASSERTIONS = NO;
				ENABLE_STRICT_OBJC_MSGSEND = YES;
				GCC_C_LANGUAGE_STANDARD = gnu11;
				GCC_NO_COMMON_BLOCKS = YES;
				GCC_WARN_64_TO_32_BIT_CONVERSION = YES;
				GCC_WARN_ABOUT_RETURN_TYPE = YES_ERROR;
				GCC_WARN_UNDECLARED_SELECTOR = YES;
				GCC_WARN_UNINITIALIZED_AUTOS = YES_AGGRESSIVE;
				GCC_WARN_UNUSED_FUNCTION = YES;
				GCC_WARN_UNUSED_VARIABLE = YES;
				IPHONEOS_DEPLOYMENT_TARGET = 16.0;
				MTL_ENABLE_DEBUG_INFO = NO;
				MTL_FAST_MATH = YES;
				SDKROOT = iphoneos;
				SWIFT_COMPILATION_MODE = wholemodule;
				SWIFT_OPTIMIZATION_LEVEL = "-O";
				VALIDATE_PRODUCT = YES;
			};
			name = Release;
		};
		42862AE828613C6000F6EFD0 /* Debug */ = {
			isa = XCBuildConfiguration;
			buildSettings = {
				ASSETCATALOG_COMPILER_APPICON_NAME = AppIcon;
				ASSETCATALOG_COMPILER_GLOBAL_ACCENT_COLOR_NAME = AccentColor;
				CODE_SIGN_STYLE = Automatic;
				CURRENT_PROJECT_VERSION = 1;
				DEVELOPMENT_ASSET_PATHS = "\"TestNearby/Preview Content\"";
				DEVELOPMENT_TEAM = TQDS6MDQ3F;
				ENABLE_PREVIEWS = YES;
				GENERATE_INFOPLIST_FILE = YES;
				INFOPLIST_FILE = TestNearby/Info.plist;
				INFOPLIST_KEY_NSLocalNetworkUsageDescription = "Find things to connect to";
				INFOPLIST_KEY_UIApplicationSceneManifest_Generation = YES;
				INFOPLIST_KEY_UIApplicationSupportsIndirectInputEvents = YES;
				INFOPLIST_KEY_UILaunchScreen_Generation = YES;
				INFOPLIST_KEY_UISupportedInterfaceOrientations_iPad = "UIInterfaceOrientationPortrait UIInterfaceOrientationPortraitUpsideDown UIInterfaceOrientationLandscapeLeft UIInterfaceOrientationLandscapeRight";
				INFOPLIST_KEY_UISupportedInterfaceOrientations_iPhone = "UIInterfaceOrientationPortrait UIInterfaceOrientationLandscapeLeft UIInterfaceOrientationLandscapeRight";
				IPHONEOS_DEPLOYMENT_TARGET = 14.0;
				LD_RUNPATH_SEARCH_PATHS = (
					"$(inherited)",
					"@executable_path/Frameworks",
				);
				MARKETING_VERSION = 1.0;
				PRODUCT_BUNDLE_IDENTIFIER = com.igorelik.TestNearby;
				PRODUCT_NAME = "$(TARGET_NAME)";
				SWIFT_EMIT_LOC_STRINGS = YES;
				SWIFT_VERSION = 5.0;
				TARGETED_DEVICE_FAMILY = "1,2";
			};
			name = Debug;
		};
		42862AE928613C6000F6EFD0 /* Release */ = {
			isa = XCBuildConfiguration;
			buildSettings = {
				ASSETCATALOG_COMPILER_APPICON_NAME = AppIcon;
				ASSETCATALOG_COMPILER_GLOBAL_ACCENT_COLOR_NAME = AccentColor;
				CODE_SIGN_STYLE = Automatic;
				CURRENT_PROJECT_VERSION = 1;
				DEVELOPMENT_ASSET_PATHS = "\"TestNearby/Preview Content\"";
				DEVELOPMENT_TEAM = TQDS6MDQ3F;
				ENABLE_PREVIEWS = YES;
				GENERATE_INFOPLIST_FILE = YES;
				INFOPLIST_FILE = TestNearby/Info.plist;
				INFOPLIST_KEY_NSLocalNetworkUsageDescription = "Find things to connect to";
				INFOPLIST_KEY_UIApplicationSceneManifest_Generation = YES;
				INFOPLIST_KEY_UIApplicationSupportsIndirectInputEvents = YES;
				INFOPLIST_KEY_UILaunchScreen_Generation = YES;
				INFOPLIST_KEY_UISupportedInterfaceOrientations_iPad = "UIInterfaceOrientationPortrait UIInterfaceOrientationPortraitUpsideDown UIInterfaceOrientationLandscapeLeft UIInterfaceOrientationLandscapeRight";
				INFOPLIST_KEY_UISupportedInterfaceOrientations_iPhone = "UIInterfaceOrientationPortrait UIInterfaceOrientationLandscapeLeft UIInterfaceOrientationLandscapeRight";
				IPHONEOS_DEPLOYMENT_TARGET = 14.0;
				LD_RUNPATH_SEARCH_PATHS = (
					"$(inherited)",
					"@executable_path/Frameworks",
				);
				MARKETING_VERSION = 1.0;
				PRODUCT_BUNDLE_IDENTIFIER = com.igorelik.TestNearby;
				PRODUCT_NAME = "$(TARGET_NAME)";
				SWIFT_EMIT_LOC_STRINGS = YES;
				SWIFT_VERSION = 5.0;
				TARGETED_DEVICE_FAMILY = "1,2";
			};
			name = Release;
		};
/* End XCBuildConfiguration section */

/* Begin XCConfigurationList section */
		42862AD428613C5F00F6EFD0 /* Build configuration list for PBXProject "TestNearby" */ = {
			isa = XCConfigurationList;
			buildConfigurations = (
				42862AE528613C6000F6EFD0 /* Debug */,
				42862AE628613C6000F6EFD0 /* Release */,
			);
			defaultConfigurationIsVisible = 0;
			defaultConfigurationName = Release;
		};
		42862AE728613C6000F6EFD0 /* Build configuration list for PBXNativeTarget "TestNearby" */ = {
			isa = XCConfigurationList;
			buildConfigurations = (
				42862AE828613C6000F6EFD0 /* Debug */,
				42862AE928613C6000F6EFD0 /* Release */,
			);
			defaultConfigurationIsVisible = 0;
			defaultConfigurationName = Release;
		};
/* End XCConfigurationList section */
	};
	rootObject = 42862AD128613C5F00F6EFD0 /* Project object */;
}
